# This file is automatically @generated by Poetry 1.5.1 and should not be changed by hand.

[[package]]
name = "npm"
version = "0.1.1"
description = "Python bindings and utils for npm."
optional = false
python-versions = "*"
files = [
    {file = "npm-0.1.1.tar.gz", hash = "sha256:84aefc83a3486d034c4c14f8bcd4b746b95b529289b0d042c268f6201c3034e9"},
]

[package.dependencies]
optional-django = "0.1.0"

[[package]]
name = "optional-django"
version = "0.1.0"
description = "Utils for apps to provide optional support for django applications"
optional = false
python-versions = "*"
files = [
    {file = "optional-django-0.1.0.tar.gz", hash = "sha256:77d6b9fb74bda30583e1af4683a39e0af725cea6003252bba75838f4939326c5"},
]

[metadata]
lock-version = "2.0"
python-versions = "^3.9"
content-hash = "09c54205ffb12b7b6146b05c5fd9dad22c7e91431c1b3c2886c831bba37a2fef"
